{
    "_readme": [
        "This file locks the dependencies of your project to a known state",
        "Read more about it at https://getcomposer.org/doc/01-basic-usage.md#installing-dependencies",
        "This file is @generated automatically"
    ],
    "content-hash": "12df086f3861ab0772e96431c502affc",
    "packages": [
        {
            "name": "erusev/parsedown",
            "version": "dev-master",
            "source": {
                "type": "git",
                "url": "https://github.com/erusev/parsedown.git",
                "reference": "6598f3860c2698fe2f0f1bc98212fc01d0a1893c"
            },
            "dist": {
                "type": "zip",
                "url": "https://api.github.com/repos/erusev/parsedown/zipball/6598f3860c2698fe2f0f1bc98212fc01d0a1893c",
                "reference": "6598f3860c2698fe2f0f1bc98212fc01d0a1893c",
                "shasum": ""
            },
            "require": {
                "ext-mbstring": "*",
                "php": ">=5.3.0"
            },
            "require-dev": {
                "phpunit/phpunit": "^4.8.35"
            },
            "default-branch": true,
            "type": "library",
            "autoload": {
                "psr-0": {
                    "Parsedown": ""
                }
            },
            "notification-url": "https://packagist.org/downloads/",
            "license": [
                "MIT"
            ],
            "authors": [
                {
                    "name": "Emanuil Rusev",
                    "email": "hello@erusev.com",
                    "homepage": "http://erusev.com"
                }
            ],
            "description": "Parser for Markdown.",
            "homepage": "http://parsedown.org",
            "keywords": [
                "markdown",
                "parser"
            ],
            "support": {
                "issues": "https://github.com/erusev/parsedown/issues",
                "source": "https://github.com/erusev/parsedown/tree/master"
            },
            "time": "2020-08-09T14:12:21+00:00"
        },
        {
            "name": "tivins/php-common",
            "version": "dev-main",
            "source": {
                "type": "git",
                "url": "https://github.com/tivins/php-common.git",
                "reference": "cfd59cdd4edd2e09d6fb4449d12bbcebeb8a82dd"
            },
            "dist": {
                "type": "zip",
                "url": "https://api.github.com/repos/tivins/php-common/zipball/cfd59cdd4edd2e09d6fb4449d12bbcebeb8a82dd",
                "reference": "cfd59cdd4edd2e09d6fb4449d12bbcebeb8a82dd",
                "shasum": ""
            },
            "require": {
                "erusev/parsedown": "dev-master",
                "ext-curl": "*",
                "ext-mbstring": "*",
                "php": ">=8.2"
            },
            "require-dev": {
                "php-coveralls/php-coveralls": "^2.5",
                "phpunit/phpunit": "^9.5"
            },
            "default-branch": true,
            "type": "library",
            "autoload": {
                "psr-4": {
                    "Tivins\\": "src/lib/Tivins"
                }
            },
            "notification-url": "https://packagist.org/downloads/",
            "license": [
                "MIT"
            ],
            "authors": [
                {
                    "name": "Tivins"
                }
            ],
            "description": "PHP common classes",
            "support": {
                "issues": "https://github.com/tivins/php-common/issues",
                "source": "https://github.com/tivins/php-common/tree/main"
            },
            "time": "2023-01-06T22:40:58+00:00"
        }
    ],
    "packages-dev": [],
    "aliases": [],
    "minimum-stability": "dev",
    "stability-flags": {
        "tivins/php-common": 20
    },
    "prefer-stable": false,
    "prefer-lowest": false,
    "platform": [],
    "platform-dev": [],
    "plugin-api-version": "2.3.0"
}
